<?xml version="1.0" encoding="utf-8"?>
<Project ToolsVersion="4.0" xmlns="http://schemas.microsoft.com/developer/msbuild/2003">
  <ItemGroup>
    <Filter Include="소스 파일">
      <UniqueIdentifier>{4FC737F1-C7A5-4376-A066-2A32D752A2FF}</UniqueIdentifier>
      <Extensions>cpp;c;cc;cxx;c++;cppm;ixx;def;odl;idl;hpj;bat;asm;asmx</Extensions>
    </Filter>
    <Filter Include="헤더 파일">
      <UniqueIdentifier>{93995380-89BD-4b04-88EB-625FBE52EBFB}</UniqueIdentifier>
      <Extensions>h;hh;hpp;hxx;h++;hm;inl;inc;ipp;xsd</Extensions>
    </Filter>
    <Filter Include="리소스 파일">
      <UniqueIdentifier>{67DA6AB6-F800-4c08-8B7A-83BB121AAD01}</UniqueIdentifier>
      <Extensions>rc;ico;cur;bmp;dlg;rc2;rct;bin;rgs;gif;jpg;jpeg;jpe;resx;tiff;tif;png;wav;mfcribbon-ms</Extensions>
    </Filter>
    <Filter Include="Loader">
      <UniqueIdentifier>{87087e9b-2cfb-4026-9526-2499e9fdb68b}</UniqueIdentifier>
    </Filter>
    <Filter Include="Factory">
      <UniqueIdentifier>{a120e28c-3f92-489b-97b9-9468d33a315d}</UniqueIdentifier>
    </Filter>
  </ItemGroup>
  <ItemGroup>
    <ClInclude Include="include\Transform.h">
      <Filter>헤더 파일</Filter>
    </ClInclude>
    <ClInclude Include="include\Camera.h">
      <Filter>헤더 파일</Filter>
    </ClInclude>
    <ClInclude Include="include\RawNode.h">
      <Filter>헤더 파일</Filter>
    </ClInclude>
    <ClInclude Include="include\RawMesh.h">
      <Filter>헤더 파일</Filter>
    </ClInclude>
    <ClInclude Include="include\IRenderer.h">
      <Filter>헤더 파일</Filter>
    </ClInclude>
    <ClInclude Include="FBXLoader.h">
      <Filter>Loader</Filter>
    </ClInclude>
    <ClInclude Include="include\IBuilder.h">
      <Filter>Factory</Filter>
    </ClInclude>
    <ClInclude Include="include\Resource.h">
      <Filter>Factory</Filter>
    </ClInclude>
    <ClInclude Include="include\ResourceMgr.h">
      <Filter>Factory</Filter>
    </ClInclude>
  </ItemGroup>
  <ItemGroup>
    <ClCompile Include="Transform.cpp">
      <Filter>소스 파일</Filter>
    </ClCompile>
    <ClCompile Include="Camera.cpp">
      <Filter>소스 파일</Filter>
    </ClCompile>
    <ClCompile Include="RawNode.cpp">
      <Filter>소스 파일</Filter>
    </ClCompile>
    <ClCompile Include="FBXLoader.cpp">
      <Filter>Loader</Filter>
    </ClCompile>
    <ClCompile Include="IBuilder.cpp">
      <Filter>Factory</Filter>
    </ClCompile>
    <ClCompile Include="Resource.cpp">
      <Filter>Factory</Filter>
    </ClCompile>
    <ClCompile Include="ResourceMgr.cpp">
      <Filter>Factory</Filter>
    </ClCompile>
  </ItemGroup>
</Project>